
Microsoft Visual Studio Solution File, Format Version 12.00
# Visual Studio 15
VisualStudioVersion = 15.0.28307.757
MinimumVisualStudioVersion = 10.0.40219.1
Project("{FAE04EC0-301F-11D3-BF4B-00C04F79EFBC}") = "Timely", "Timely\Timely.csproj", "{8D27509C-9573-4B3E-915D-1B1EA6EC1B09}"
EndProject
Global
	GlobalSection(SolutionConfigurationPlatforms) = preSolution
		Debug|Any CPU = Debug|Any CPU
		Release|Any CPU = Release|Any CPU
	EndGlobalSection
	GlobalSection(ProjectConfigurationPlatforms) = postSolution
		{8D27509C-9573-4B3E-915D-1B1EA6EC1B09}.Debug|Any CPU.ActiveCfg = Debug|Any CPU
		{8D27509C-9573-4B3E-915D-1B1EA6EC1B09}.Debug|Any CPU.Build.0 = Debug|Any CPU
		{8D27509C-9573-4B3E-915D-1B1EA6EC1B09}.Release|Any CPU.ActiveCfg = Release|Any CPU
		{8D27509C-9573-4B3E-915D-1B1EA6EC1B09}.Release|Any CPU.Build.0 = Release|Any CPU
	EndGlobalSection
	GlobalSection(SolutionProperties) = preSolution
		HideSolutionNode = FALSE
	EndGlobalSection
	GlobalSection(ExtensibilityGlobals) = postSolution
		SolutionGuid = {6A757DDB-D46C-4C86-BDB4-9C90A2AE20EF}
	EndGlobalSection
EndGlobal
